
Microsoft Visual Studio Solution File, Format Version 12.00
# Visual Studio Version 16
VisualStudioVersion = 16.0.32228.343
MinimumVisualStudioVersion = 10.0.40219.1
Project("{D2ABAB84-BF74-430A-B69E-9DC6D40DDA17}") = "prototypeFinancial", "prototypeFinancial\prototypeFinancial.dwproj", "{5DF017E6-D2C2-440A-AC79-5BFA46BD282B}"
EndProject
Global
	GlobalSection(SolutionConfigurationPlatforms) = preSolution
		Development|Default = Development|Default
	EndGlobalSection
	GlobalSection(ProjectConfigurationPlatforms) = postSolution
		{5DF017E6-D2C2-440A-AC79-5BFA46BD282B}.Development|Default.ActiveCfg = Development
		{5DF017E6-D2C2-440A-AC79-5BFA46BD282B}.Development|Default.Build.0 = Development
		{5DF017E6-D2C2-440A-AC79-5BFA46BD282B}.Development|Default.Deploy.0 = Development
	EndGlobalSection
	GlobalSection(SolutionProperties) = preSolution
		HideSolutionNode = FALSE
	EndGlobalSection
	GlobalSection(ExtensibilityGlobals) = postSolution
		SolutionGuid = {D3227787-D285-4320-8859-464BB33D41D6}
	EndGlobalSection
EndGlobal
